
Microsoft Visual Studio Solution File, Format Version 12.00
Project("{2150E333-8FDC-42A3-9474-1A3956D46DE8}") = "0x01", "0x01", "{887C9EB5-29F2-44D0-A514-39BD39733758}"
EndProject
Project("{2150E333-8FDC-42A3-9474-1A3956D46DE8}") = "0x02", "0x02", "{06FBE378-F713-4E02-B2C9-F596B4C47BE7}"
EndProject
Project("{2150E333-8FDC-42A3-9474-1A3956D46DE8}") = "0x03", "0x03", "{82513EF3-DAFF-42CC-98B6-7221A512E3BA}"
EndProject
Project("{2150E333-8FDC-42A3-9474-1A3956D46DE8}") = "0x04", "0x04", "{26674CB3-DAAF-41FD-94E5-71F16AC52AE0}"
EndProject
Project("{2150E333-8FDC-42A3-9474-1A3956D46DE8}") = "0x05", "0x05", "{61116225-986B-449C-A278-0BD03DB95E5D}"
EndProject
Project("{2150E333-8FDC-42A3-9474-1A3956D46DE8}") = "0x06", "0x06", "{2F687AE4-7ACF-4F80-9AD3-8209A7689DF1}"
EndProject
Project("{2150E333-8FDC-42A3-9474-1A3956D46DE8}") = "0x07", "0x07", "{04CB7660-8698-430E-B5F5-3F1EC33CDA56}"
EndProject
Project("{2150E333-8FDC-42A3-9474-1A3956D46DE8}") = "0x08", "0x08", "{6319F5CB-AD65-4E32-BB5E-B54A9EB42234}"
EndProject
Project("{2150E333-8FDC-42A3-9474-1A3956D46DE8}") = "0x09", "0x09", "{C34FE12F-ACD0-438B-BF12-0F9FC4C9AEB6}"
EndProject
Project("{2150E333-8FDC-42A3-9474-1A3956D46DE8}") = "0x10", "0x10", "{3FCA6F89-2958-4919-97B0-30A1CFF8A212}"
EndProject
Project("{2150E333-8FDC-42A3-9474-1A3956D46DE8}") = "0x11", "0x11", "{FECD225A-4502-460C-8159-6967BB9D761D}"
EndProject
Project("{2150E333-8FDC-42A3-9474-1A3956D46DE8}") = "0x12", "0x12", "{88D6CD07-5047-41F9-A54F-D127B8F24F07}"
EndProject
Project("{2150E333-8FDC-42A3-9474-1A3956D46DE8}") = "A1", "A1", "{3DAA8606-2CC1-44DF-8458-6ADB23F9631B}"
EndProject
Project("{2150E333-8FDC-42A3-9474-1A3956D46DE8}") = "A2", "A2", "{A578FA7A-0323-4410-841A-570B4A541923}"
EndProject
Project("{2150E333-8FDC-42A3-9474-1A3956D46DE8}") = "A3", "A3", "{E2DD6ED2-F496-44D0-B735-5A32BAE46EA0}"
EndProject
Project("{2150E333-8FDC-42A3-9474-1A3956D46DE8}") = "A4", "A4", "{29743FEC-2328-4239-A8C9-BB06BC9D719C}"
EndProject
Project("{2150E333-8FDC-42A3-9474-1A3956D46DE8}") = "A5", "A5", "{AAC26E64-56BC-4870-B78E-FF144173A5DE}"
EndProject
Project("{2150E333-8FDC-42A3-9474-1A3956D46DE8}") = "A6", "A6", "{7F5E4F59-58AA-407A-95F0-985957F6C548}"
EndProject
Project("{2150E333-8FDC-42A3-9474-1A3956D46DE8}") = "A7", "A7", "{5B0C53BA-825F-4A9A-B14A-8F6BA55E3C7A}"
EndProject
Project("{2150E333-8FDC-42A3-9474-1A3956D46DE8}") = "A8", "A8", "{29D0718E-F24A-41E4-847D-1BDD9972D7C7}"
EndProject
Project("{2150E333-8FDC-42A3-9474-1A3956D46DE8}") = "A9", "A9", "{F4B3D7B8-038C-471A-9CBD-DE84E9492050}"
EndProject
Project("{2150E333-8FDC-42A3-9474-1A3956D46DE8}") = "A10", "A10", "{8534A8B0-7037-46DF-A563-497F0DFB09C1}"
EndProject
Project("{2150E333-8FDC-42A3-9474-1A3956D46DE8}") = "A11", "A11", "{A930925A-4B79-4B12-9FAA-78319CE3490E}"
EndProject
Project("{2150E333-8FDC-42A3-9474-1A3956D46DE8}") = "A12", "A12", "{F5A1E094-B00A-4E39-822E-03202270FB90}"
EndProject
Project("{FAE04EC0-301F-11D3-BF4B-00C04F79EFBC}") = "A_HelloWorld", "A_HelloWorld\A_HelloWorld.csproj", "{B3CC2A8A-C6C8-4D9E-89EA-AE2EA2858A9A}"
EndProject
Project("{FAE04EC0-301F-11D3-BF4B-00C04F79EFBC}") = "B_HelloWorld_Explained", "B_HelloWorld_Explained\B_HelloWorld_Explained.csproj", "{A8FA87F9-8D4A-473B-AC42-C4B52C790BB6}"
EndProject
Project("{FAE04EC0-301F-11D3-BF4B-00C04F79EFBC}") = "C_Console_IO", "C_Console_IO\C_Console_IO.csproj", "{B94FFB1E-13DB-43BE-AB1F-95FDA0F8F472}"
EndProject
Project("{FAE04EC0-301F-11D3-BF4B-00C04F79EFBC}") = "D_PrimitiveDataTypes", "D_PrimitiveDataTypes\D_PrimitiveDataTypes.csproj", "{803140A6-A0EA-4E1F-9B72-38708F19CBC4}"
EndProject
Project("{FAE04EC0-301F-11D3-BF4B-00C04F79EFBC}") = "E_Objects", "E_Objects\E_Objects.csproj", "{DEE6E0C5-8762-4B96-A6BB-F8FE9356CD84}"
EndProject
Project("{FAE04EC0-301F-11D3-BF4B-00C04F79EFBC}") = "F_Strings", "F_Strings\F_Strings.csproj", "{AED80AC2-C03B-4AB7-87CA-AC50CAB3EB84}"
EndProject
Project("{FAE04EC0-301F-11D3-BF4B-00C04F79EFBC}") = "G_ConstsEnums", "G_ConstsEnums\G_ConstsEnums.csproj", "{1759A7CE-3CE0-47F3-8C15-784F071AB86F}"
EndProject
Project("{FAE04EC0-301F-11D3-BF4B-00C04F79EFBC}") = "H_Arrays", "H_Arrays\H_Arrays.csproj", "{C27299AB-6988-49E6-990A-A28E3AC2AD73}"
EndProject
Project("{FAE04EC0-301F-11D3-BF4B-00C04F79EFBC}") = "I_BuildInOperators", "I_BuildInOperators\I_BuildInOperators.csproj", "{6BD4C7FA-E6D4-4052-8A6C-EB867A2343F3}"
EndProject
Project("{FAE04EC0-301F-11D3-BF4B-00C04F79EFBC}") = "J_ConditionalsIfSwitch", "J_ConditionalsIfSwitch\J_ConditionalsIfSwitch.csproj", "{600C3332-E14E-4F0F-A6EB-BF89BB3D203F}"
EndProject
Project("{FAE04EC0-301F-11D3-BF4B-00C04F79EFBC}") = "K_DoWhileForForeach", "K_DoWhileForForeach\K_DoWhileForForeach.csproj", "{C2C149A8-8E87-42AD-AFE8-9737C8846B1D}"
EndProject
Project("{FAE04EC0-301F-11D3-BF4B-00C04F79EFBC}") = "A1_Ablaria", "A1_Ablaria\A1_Ablaria.csproj", "{7FE160E8-B2E4-432B-B721-FAB17785C1BA}"
EndProject
Project("{FAE04EC0-301F-11D3-BF4B-00C04F79EFBC}") = "A1_Agroisil", "A1_Agroisil\A1_Agroisil.csproj", "{4F21FA87-8E6D-48FD-844C-CC93A6479C3B}"
EndProject
Project("{FAE04EC0-301F-11D3-BF4B-00C04F79EFBC}") = "A1_Astren", "A1_Astren\A1_Astren.csproj", "{BD9D5AE1-E447-46D0-BA1C-6C0E136873D2}"
EndProject
Project("{FAE04EC0-301F-11D3-BF4B-00C04F79EFBC}") = "A1_Athua", "A1_Athua\A1_Athua.csproj", "{E468D149-F312-49CC-8B67-7E67C725BC3F}"
EndProject
Project("{FAE04EC0-301F-11D3-BF4B-00C04F79EFBC}") = "A1_Awhya", "A1_Awhya\A1_Awhya.csproj", "{C3F2B26B-7F8B-4FEB-8D3E-ECA847C983F1}"
EndProject
Project("{FAE04EC0-301F-11D3-BF4B-00C04F79EFBC}") = "A_CastIs", "A_CastIs\A_CastIs.csproj", "{635F061B-3C1C-4816-A8A5-A8915403D145}"
EndProject
Project("{FAE04EC0-301F-11D3-BF4B-00C04F79EFBC}") = "B_CastBoxing", "B_CastBoxing\B_CastBoxing.csproj", "{EB688FCF-A72D-4E72-BBA6-82826B2E6134}"
EndProject
Project("{FAE04EC0-301F-11D3-BF4B-00C04F79EFBC}") = "C_CastImplicitAndExplicit", "C_CastImplicitAndExplicit\C_CastImplicitAndExplicit.csproj", "{B95D55C3-7E5A-46E8-A07B-27559985D45B}"
EndProject
Project("{FAE04EC0-301F-11D3-BF4B-00C04F79EFBC}") = "D_Operators", "D_Operators\D_Operators.csproj", "{2574A8AE-644D-4094-8644-2F6384AC319B}"
EndProject
Project("{FAE04EC0-301F-11D3-BF4B-00C04F79EFBC}") = "E_Indicers", "E_Indicers\E_Indicers.csproj", "{1410EDA8-BBFA-4FB5-92CC-57BAA27005BF}"
EndProject
Project("{FAE04EC0-301F-11D3-BF4B-00C04F79EFBC}") = "F_MethodExtensions", "F_MethodExtensions\F_MethodExtensions.csproj", "{F927A992-B70D-4D46-A4D6-3E613E606708}"
EndProject
Project("{FAE04EC0-301F-11D3-BF4B-00C04F79EFBC}") = "G_Generics", "G_Generics\G_Generics.csproj", "{81B3CB67-F9F6-4006-89C7-731DA76312AA}"
EndProject
Project("{FAE04EC0-301F-11D3-BF4B-00C04F79EFBC}") = "H_TypeConstraint", "H_TypeConstraint\H_TypeConstraint.csproj", "{795E041C-96F4-4AB2-BAB2-FEE029DC1DF1}"
EndProject
Project("{FAE04EC0-301F-11D3-BF4B-00C04F79EFBC}") = "Z_Uebungen", "Z_Uebungen\Z_Uebungen.csproj", "{B766EEA0-7159-4F85-9C04-59CA20D5AC93}"
EndProject
Project("{FAE04EC0-301F-11D3-BF4B-00C04F79EFBC}") = "A3_Caros", "A3_Caros\A3_Caros.csproj", "{34C42C02-B1FC-425F-81B3-C6592DE60765}"
EndProject
Project("{FAE04EC0-301F-11D3-BF4B-00C04F79EFBC}") = "A3_Catoria", "A3_Catoria\A3_Catoria.csproj", "{4C03DC41-D0DD-4042-B941-C7D66D71C8FE}"
EndProject
Project("{FAE04EC0-301F-11D3-BF4B-00C04F79EFBC}") = "A3_Cluuhmore", "A3_Cluuhmore\A3_Cluuhmore.csproj", "{1D431489-7D2F-4B81-883B-656628A57C50}"
EndProject
Project("{FAE04EC0-301F-11D3-BF4B-00C04F79EFBC}") = "A3_Cuetiva", "A3_Cuetiva\A3_Cuetiva.csproj", "{077734C3-6C9C-4DFD-80AC-79BCD576A097}"
EndProject
Project("{FAE04EC0-301F-11D3-BF4B-00C04F79EFBC}") = "A_Exceptions", "A_Exceptions\A_Exceptions.csproj", "{3CAF5DFE-A9AD-4325-BD2C-29A59835DEB2}"
EndProject
Project("{FAE04EC0-301F-11D3-BF4B-00C04F79EFBC}") = "B_CallByValAndRef", "B_CallByValAndRef\B_CallByValAndRef.csproj", "{05D3560B-76A8-482F-A01F-7E634D886DBD}"
EndProject
Project("{FAE04EC0-301F-11D3-BF4B-00C04F79EFBC}") = "C_Console_IO_Extended", "C_Console_IO_Extended\C_Console_IO_Extended.csproj", "{15DC13A0-1024-4605-8B87-8D7EDF2B7ED3}"
EndProject
Project("{FAE04EC0-301F-11D3-BF4B-00C04F79EFBC}") = "D_File_IO", "D_File_IO\D_File_IO.csproj", "{C181A601-E35A-4315-8CD6-3205A5B19ACE}"
EndProject
Project("{FAE04EC0-301F-11D3-BF4B-00C04F79EFBC}") = "E_Objects2", "E_Objects2\E_Objects2.csproj", "{2F469767-B4B7-4F9D-8242-89E54B288466}"
EndProject
Project("{FAE04EC0-301F-11D3-BF4B-00C04F79EFBC}") = "F_UsingAndDispose", "F_UsingAndDispose\F_UsingAndDispose.csproj", "{8CD8C092-B65E-4224-964F-FB8F0763FA0B}"
EndProject
Project("{FAE04EC0-301F-11D3-BF4B-00C04F79EFBC}") = "G_VirtualAndOverride", "G_VirtualAndOverride\G_VirtualAndOverride.csproj", "{18F59D6A-A649-440F-B70F-ED9A2460F0F4}"
EndProject
Project("{FAE04EC0-301F-11D3-BF4B-00C04F79EFBC}") = "H_AbstractClassesAndInterfaces", "H_AbstractClassesAndInterfaces\H_AbstractClassesAndInterfaces.csproj", "{C29E7667-5780-4294-B565-0CC11A1D9243}"
EndProject
Project("{FAE04EC0-301F-11D3-BF4B-00C04F79EFBC}") = "I_ValueAndReferenceTypes", "I_ValueAndReferenceTypes\I_ValueAndReferenceTypes.csproj", "{84851441-1BEB-47D2-851A-EDA2E2917AE5}"
EndProject
Project("{FAE04EC0-301F-11D3-BF4B-00C04F79EFBC}") = "A2_Babuin", "A2_Babuin\A2_Babuin.csproj", "{122D79B4-6049-4040-B814-2CDD95F55EA2}"
EndProject
Project("{FAE04EC0-301F-11D3-BF4B-00C04F79EFBC}") = "A2_Basinham", "A2_Basinham\A2_Basinham.csproj", "{53BAFC67-AF98-4FC7-8A65-DB64C37E4CF9}"
EndProject
Project("{FAE04EC0-301F-11D3-BF4B-00C04F79EFBC}") = "A2_Bleesora", "A2_Bleesora\A2_Bleesora.csproj", "{88759CA4-6A63-4E15-94BC-85411EDD3512}"
EndProject
Project("{FAE04EC0-301F-11D3-BF4B-00C04F79EFBC}") = "A2_Boudadillo", "A2_Boudadillo\A2_Boudadillo.csproj", "{C018B6E4-CEE5-48D9-8A3D-C6565BC07A93}"
EndProject
Project("{FAE04EC0-301F-11D3-BF4B-00C04F79EFBC}") = "A2_Breau", "A2_Breau\A2_Breau.csproj", "{D37290DE-E807-49EE-B6DD-B0908D1310CA}"
EndProject
Project("{FAE04EC0-301F-11D3-BF4B-00C04F79EFBC}") = "A_Types_01_Overview", "A_Types_01_Overview\A_Types_01_Overview.csproj", "{0A486143-D5D1-40A9-904D-6D44B873BBF2}"
EndProject
Project("{FAE04EC0-301F-11D3-BF4B-00C04F79EFBC}") = "A_Types_02_Reflection", "A_Types_02_Reflection\A_Types_02_Reflection.csproj", "{78A532D6-B624-4400-A72A-F7DC7101934D}"
EndProject
Project("{FAE04EC0-301F-11D3-BF4B-00C04F79EFBC}") = "A_Types_03_Nullables", "A_Types_03_Nullables\A_Types_03_Nullables.csproj", "{30BF383F-3DC3-457F-BE37-9F1EB72E0DEA}"
EndProject
Project("{FAE04EC0-301F-11D3-BF4B-00C04F79EFBC}") = "A_Types_04_Anonymous", "A_Types_04_Anonymous\A_Types_04_Anonymous.csproj", "{090E32C4-6234-46B6-9C1C-6E2B967958BA}"
EndProject
Project("{FAE04EC0-301F-11D3-BF4B-00C04F79EFBC}") = "B_FunctionTypes_01_Delegates", "B_FunctionTypes_01_Delegates\B_FunctionTypes_01_Delegates.csproj", "{41DD219A-5DF3-434F-8149-A9017CC2B5A8}"
EndProject
Project("{FAE04EC0-301F-11D3-BF4B-00C04F79EFBC}") = "B_FunctionTypes_02_LambdaExpressions", "B_FunctionTypes_02_LambdaExpressions\B_FunctionTypes_02_LambdaExpressions.csproj", "{A26597E0-DD00-4BDB-B15A-F95045B0854A}"
EndProject
Project("{FAE04EC0-301F-11D3-BF4B-00C04F79EFBC}") = "B_FunctionTypes_03_FuncsAndActions", "B_FunctionTypes_03_FuncsAndActions\B_FunctionTypes_03_FuncsAndActions.csproj", "{64E2DE84-EFF4-4D09-8D88-47E365976623}"
EndProject
Project("{FAE04EC0-301F-11D3-BF4B-00C04F79EFBC}") = "Z_Uebungen4", "Z_Uebungen4\Z_Uebungen4.csproj", "{0590E582-34B9-4B45-88B2-F43FD5EFEA03}"
EndProject
Project("{FAE04EC0-301F-11D3-BF4B-00C04F79EFBC}") = "A4_Dinoit", "A4_Dinoit\A4_Dinoit.csproj", "{454F7EED-B1D5-4B68-B601-7AC318E27A03}"
EndProject
Project("{FAE04EC0-301F-11D3-BF4B-00C04F79EFBC}") = "A4_Daugnge", "A4_Daugnge\A4_Daugnge.csproj", "{89CDA320-B096-470E-89FC-821986C17734}"
EndProject
Project("{FAE04EC0-301F-11D3-BF4B-00C04F79EFBC}") = "A4_Dirac", "A4_Dirac\A4_Dirac.csproj", "{ED826F35-C4F8-4BD8-9B87-A23A239B46A9}"
EndProject
Project("{FAE04EC0-301F-11D3-BF4B-00C04F79EFBC}") = "A4_Dallaekur", "A4_Dallaekur\A4_Dallaekur.csproj", "{60CA0D06-962D-43F8-9F9D-A06E182F24FF}"
EndProject
Project("{FAE04EC0-301F-11D3-BF4B-00C04F79EFBC}") = "A4_Dhernuluhm", "A4_Dhernuluhm\A4_Dhernuluhm.csproj", "{45625BAB-1A87-484A-93A1-5B1D67517961}"
EndProject
Global
	GlobalSection(SolutionConfigurationPlatforms) = preSolution
		Debug|Any CPU = Debug|Any CPU
		Release|Any CPU = Release|Any CPU
	EndGlobalSection
	GlobalSection(NestedProjects) = preSolution
		{3DAA8606-2CC1-44DF-8458-6ADB23F9631B} = {887C9EB5-29F2-44D0-A514-39BD39733758}
		{A578FA7A-0323-4410-841A-570B4A541923} = {06FBE378-F713-4E02-B2C9-F596B4C47BE7}
		{E2DD6ED2-F496-44D0-B735-5A32BAE46EA0} = {82513EF3-DAFF-42CC-98B6-7221A512E3BA}
		{29743FEC-2328-4239-A8C9-BB06BC9D719C} = {26674CB3-DAAF-41FD-94E5-71F16AC52AE0}
		{AAC26E64-56BC-4870-B78E-FF144173A5DE} = {61116225-986B-449C-A278-0BD03DB95E5D}
		{7F5E4F59-58AA-407A-95F0-985957F6C548} = {2F687AE4-7ACF-4F80-9AD3-8209A7689DF1}
		{5B0C53BA-825F-4A9A-B14A-8F6BA55E3C7A} = {04CB7660-8698-430E-B5F5-3F1EC33CDA56}
		{29D0718E-F24A-41E4-847D-1BDD9972D7C7} = {6319F5CB-AD65-4E32-BB5E-B54A9EB42234}
		{F4B3D7B8-038C-471A-9CBD-DE84E9492050} = {C34FE12F-ACD0-438B-BF12-0F9FC4C9AEB6}
		{8534A8B0-7037-46DF-A563-497F0DFB09C1} = {3FCA6F89-2958-4919-97B0-30A1CFF8A212}
		{A930925A-4B79-4B12-9FAA-78319CE3490E} = {FECD225A-4502-460C-8159-6967BB9D761D}
		{F5A1E094-B00A-4E39-822E-03202270FB90} = {88D6CD07-5047-41F9-A54F-D127B8F24F07}
		{B3CC2A8A-C6C8-4D9E-89EA-AE2EA2858A9A} = {887C9EB5-29F2-44D0-A514-39BD39733758}
		{A8FA87F9-8D4A-473B-AC42-C4B52C790BB6} = {887C9EB5-29F2-44D0-A514-39BD39733758}
		{B94FFB1E-13DB-43BE-AB1F-95FDA0F8F472} = {887C9EB5-29F2-44D0-A514-39BD39733758}
		{803140A6-A0EA-4E1F-9B72-38708F19CBC4} = {887C9EB5-29F2-44D0-A514-39BD39733758}
		{DEE6E0C5-8762-4B96-A6BB-F8FE9356CD84} = {887C9EB5-29F2-44D0-A514-39BD39733758}
		{AED80AC2-C03B-4AB7-87CA-AC50CAB3EB84} = {887C9EB5-29F2-44D0-A514-39BD39733758}
		{1759A7CE-3CE0-47F3-8C15-784F071AB86F} = {887C9EB5-29F2-44D0-A514-39BD39733758}
		{C27299AB-6988-49E6-990A-A28E3AC2AD73} = {887C9EB5-29F2-44D0-A514-39BD39733758}
		{6BD4C7FA-E6D4-4052-8A6C-EB867A2343F3} = {887C9EB5-29F2-44D0-A514-39BD39733758}
		{600C3332-E14E-4F0F-A6EB-BF89BB3D203F} = {887C9EB5-29F2-44D0-A514-39BD39733758}
		{C2C149A8-8E87-42AD-AFE8-9737C8846B1D} = {887C9EB5-29F2-44D0-A514-39BD39733758}
		{7FE160E8-B2E4-432B-B721-FAB17785C1BA} = {3DAA8606-2CC1-44DF-8458-6ADB23F9631B}
		{4F21FA87-8E6D-48FD-844C-CC93A6479C3B} = {3DAA8606-2CC1-44DF-8458-6ADB23F9631B}
		{BD9D5AE1-E447-46D0-BA1C-6C0E136873D2} = {3DAA8606-2CC1-44DF-8458-6ADB23F9631B}
		{E468D149-F312-49CC-8B67-7E67C725BC3F} = {3DAA8606-2CC1-44DF-8458-6ADB23F9631B}
		{C3F2B26B-7F8B-4FEB-8D3E-ECA847C983F1} = {3DAA8606-2CC1-44DF-8458-6ADB23F9631B}
		{635F061B-3C1C-4816-A8A5-A8915403D145} = {82513EF3-DAFF-42CC-98B6-7221A512E3BA}
		{EB688FCF-A72D-4E72-BBA6-82826B2E6134} = {82513EF3-DAFF-42CC-98B6-7221A512E3BA}
		{B95D55C3-7E5A-46E8-A07B-27559985D45B} = {82513EF3-DAFF-42CC-98B6-7221A512E3BA}
		{2574A8AE-644D-4094-8644-2F6384AC319B} = {82513EF3-DAFF-42CC-98B6-7221A512E3BA}
		{1410EDA8-BBFA-4FB5-92CC-57BAA27005BF} = {82513EF3-DAFF-42CC-98B6-7221A512E3BA}
		{F927A992-B70D-4D46-A4D6-3E613E606708} = {82513EF3-DAFF-42CC-98B6-7221A512E3BA}
		{81B3CB67-F9F6-4006-89C7-731DA76312AA} = {82513EF3-DAFF-42CC-98B6-7221A512E3BA}
		{795E041C-96F4-4AB2-BAB2-FEE029DC1DF1} = {82513EF3-DAFF-42CC-98B6-7221A512E3BA}
		{B766EEA0-7159-4F85-9C04-59CA20D5AC93} = {82513EF3-DAFF-42CC-98B6-7221A512E3BA}
		{34C42C02-B1FC-425F-81B3-C6592DE60765} = {E2DD6ED2-F496-44D0-B735-5A32BAE46EA0}
		{4C03DC41-D0DD-4042-B941-C7D66D71C8FE} = {E2DD6ED2-F496-44D0-B735-5A32BAE46EA0}
		{1D431489-7D2F-4B81-883B-656628A57C50} = {E2DD6ED2-F496-44D0-B735-5A32BAE46EA0}
		{077734C3-6C9C-4DFD-80AC-79BCD576A097} = {E2DD6ED2-F496-44D0-B735-5A32BAE46EA0}
		{3CAF5DFE-A9AD-4325-BD2C-29A59835DEB2} = {06FBE378-F713-4E02-B2C9-F596B4C47BE7}
		{05D3560B-76A8-482F-A01F-7E634D886DBD} = {06FBE378-F713-4E02-B2C9-F596B4C47BE7}
		{15DC13A0-1024-4605-8B87-8D7EDF2B7ED3} = {06FBE378-F713-4E02-B2C9-F596B4C47BE7}
		{C181A601-E35A-4315-8CD6-3205A5B19ACE} = {06FBE378-F713-4E02-B2C9-F596B4C47BE7}
		{2F469767-B4B7-4F9D-8242-89E54B288466} = {06FBE378-F713-4E02-B2C9-F596B4C47BE7}
		{8CD8C092-B65E-4224-964F-FB8F0763FA0B} = {06FBE378-F713-4E02-B2C9-F596B4C47BE7}
		{18F59D6A-A649-440F-B70F-ED9A2460F0F4} = {06FBE378-F713-4E02-B2C9-F596B4C47BE7}
		{C29E7667-5780-4294-B565-0CC11A1D9243} = {06FBE378-F713-4E02-B2C9-F596B4C47BE7}
		{84851441-1BEB-47D2-851A-EDA2E2917AE5} = {06FBE378-F713-4E02-B2C9-F596B4C47BE7}
		{122D79B4-6049-4040-B814-2CDD95F55EA2} = {A578FA7A-0323-4410-841A-570B4A541923}
		{53BAFC67-AF98-4FC7-8A65-DB64C37E4CF9} = {A578FA7A-0323-4410-841A-570B4A541923}
		{88759CA4-6A63-4E15-94BC-85411EDD3512} = {A578FA7A-0323-4410-841A-570B4A541923}
		{C018B6E4-CEE5-48D9-8A3D-C6565BC07A93} = {A578FA7A-0323-4410-841A-570B4A541923}
		{D37290DE-E807-49EE-B6DD-B0908D1310CA} = {A578FA7A-0323-4410-841A-570B4A541923}
		{0A486143-D5D1-40A9-904D-6D44B873BBF2} = {26674CB3-DAAF-41FD-94E5-71F16AC52AE0}
		{78A532D6-B624-4400-A72A-F7DC7101934D} = {26674CB3-DAAF-41FD-94E5-71F16AC52AE0}
		{30BF383F-3DC3-457F-BE37-9F1EB72E0DEA} = {26674CB3-DAAF-41FD-94E5-71F16AC52AE0}
		{090E32C4-6234-46B6-9C1C-6E2B967958BA} = {26674CB3-DAAF-41FD-94E5-71F16AC52AE0}
		{41DD219A-5DF3-434F-8149-A9017CC2B5A8} = {26674CB3-DAAF-41FD-94E5-71F16AC52AE0}
		{A26597E0-DD00-4BDB-B15A-F95045B0854A} = {26674CB3-DAAF-41FD-94E5-71F16AC52AE0}
		{64E2DE84-EFF4-4D09-8D88-47E365976623} = {26674CB3-DAAF-41FD-94E5-71F16AC52AE0}
		{0590E582-34B9-4B45-88B2-F43FD5EFEA03} = {26674CB3-DAAF-41FD-94E5-71F16AC52AE0}
		{454F7EED-B1D5-4B68-B601-7AC318E27A03} = {29743FEC-2328-4239-A8C9-BB06BC9D719C}
		{89CDA320-B096-470E-89FC-821986C17734} = {29743FEC-2328-4239-A8C9-BB06BC9D719C}
		{ED826F35-C4F8-4BD8-9B87-A23A239B46A9} = {29743FEC-2328-4239-A8C9-BB06BC9D719C}
		{60CA0D06-962D-43F8-9F9D-A06E182F24FF} = {29743FEC-2328-4239-A8C9-BB06BC9D719C}
		{45625BAB-1A87-484A-93A1-5B1D67517961} = {29743FEC-2328-4239-A8C9-BB06BC9D719C}
	EndGlobalSection
	GlobalSection(ProjectConfigurationPlatforms) = postSolution
		{B3CC2A8A-C6C8-4D9E-89EA-AE2EA2858A9A}.Debug|Any CPU.ActiveCfg = Debug|Any CPU
		{B3CC2A8A-C6C8-4D9E-89EA-AE2EA2858A9A}.Debug|Any CPU.Build.0 = Debug|Any CPU
		{B3CC2A8A-C6C8-4D9E-89EA-AE2EA2858A9A}.Release|Any CPU.ActiveCfg = Release|Any CPU
		{B3CC2A8A-C6C8-4D9E-89EA-AE2EA2858A9A}.Release|Any CPU.Build.0 = Release|Any CPU
		{A8FA87F9-8D4A-473B-AC42-C4B52C790BB6}.Debug|Any CPU.ActiveCfg = Debug|Any CPU
		{A8FA87F9-8D4A-473B-AC42-C4B52C790BB6}.Debug|Any CPU.Build.0 = Debug|Any CPU
		{A8FA87F9-8D4A-473B-AC42-C4B52C790BB6}.Release|Any CPU.ActiveCfg = Release|Any CPU
		{A8FA87F9-8D4A-473B-AC42-C4B52C790BB6}.Release|Any CPU.Build.0 = Release|Any CPU
		{B94FFB1E-13DB-43BE-AB1F-95FDA0F8F472}.Debug|Any CPU.ActiveCfg = Debug|Any CPU
		{B94FFB1E-13DB-43BE-AB1F-95FDA0F8F472}.Debug|Any CPU.Build.0 = Debug|Any CPU
		{B94FFB1E-13DB-43BE-AB1F-95FDA0F8F472}.Release|Any CPU.ActiveCfg = Release|Any CPU
		{B94FFB1E-13DB-43BE-AB1F-95FDA0F8F472}.Release|Any CPU.Build.0 = Release|Any CPU
		{803140A6-A0EA-4E1F-9B72-38708F19CBC4}.Debug|Any CPU.ActiveCfg = Debug|Any CPU
		{803140A6-A0EA-4E1F-9B72-38708F19CBC4}.Debug|Any CPU.Build.0 = Debug|Any CPU
		{803140A6-A0EA-4E1F-9B72-38708F19CBC4}.Release|Any CPU.ActiveCfg = Release|Any CPU
		{803140A6-A0EA-4E1F-9B72-38708F19CBC4}.Release|Any CPU.Build.0 = Release|Any CPU
		{DEE6E0C5-8762-4B96-A6BB-F8FE9356CD84}.Debug|Any CPU.ActiveCfg = Debug|Any CPU
		{DEE6E0C5-8762-4B96-A6BB-F8FE9356CD84}.Debug|Any CPU.Build.0 = Debug|Any CPU
		{DEE6E0C5-8762-4B96-A6BB-F8FE9356CD84}.Release|Any CPU.ActiveCfg = Release|Any CPU
		{DEE6E0C5-8762-4B96-A6BB-F8FE9356CD84}.Release|Any CPU.Build.0 = Release|Any CPU
		{AED80AC2-C03B-4AB7-87CA-AC50CAB3EB84}.Debug|Any CPU.ActiveCfg = Debug|Any CPU
		{AED80AC2-C03B-4AB7-87CA-AC50CAB3EB84}.Debug|Any CPU.Build.0 = Debug|Any CPU
		{AED80AC2-C03B-4AB7-87CA-AC50CAB3EB84}.Release|Any CPU.ActiveCfg = Release|Any CPU
		{AED80AC2-C03B-4AB7-87CA-AC50CAB3EB84}.Release|Any CPU.Build.0 = Release|Any CPU
		{1759A7CE-3CE0-47F3-8C15-784F071AB86F}.Debug|Any CPU.ActiveCfg = Debug|Any CPU
		{1759A7CE-3CE0-47F3-8C15-784F071AB86F}.Debug|Any CPU.Build.0 = Debug|Any CPU
		{1759A7CE-3CE0-47F3-8C15-784F071AB86F}.Release|Any CPU.ActiveCfg = Release|Any CPU
		{1759A7CE-3CE0-47F3-8C15-784F071AB86F}.Release|Any CPU.Build.0 = Release|Any CPU
		{C27299AB-6988-49E6-990A-A28E3AC2AD73}.Debug|Any CPU.ActiveCfg = Debug|Any CPU
		{C27299AB-6988-49E6-990A-A28E3AC2AD73}.Debug|Any CPU.Build.0 = Debug|Any CPU
		{C27299AB-6988-49E6-990A-A28E3AC2AD73}.Release|Any CPU.ActiveCfg = Release|Any CPU
		{C27299AB-6988-49E6-990A-A28E3AC2AD73}.Release|Any CPU.Build.0 = Release|Any CPU
		{6BD4C7FA-E6D4-4052-8A6C-EB867A2343F3}.Debug|Any CPU.ActiveCfg = Debug|Any CPU
		{6BD4C7FA-E6D4-4052-8A6C-EB867A2343F3}.Debug|Any CPU.Build.0 = Debug|Any CPU
		{6BD4C7FA-E6D4-4052-8A6C-EB867A2343F3}.Release|Any CPU.ActiveCfg = Release|Any CPU
		{6BD4C7FA-E6D4-4052-8A6C-EB867A2343F3}.Release|Any CPU.Build.0 = Release|Any CPU
		{600C3332-E14E-4F0F-A6EB-BF89BB3D203F}.Debug|Any CPU.ActiveCfg = Debug|Any CPU
		{600C3332-E14E-4F0F-A6EB-BF89BB3D203F}.Debug|Any CPU.Build.0 = Debug|Any CPU
		{600C3332-E14E-4F0F-A6EB-BF89BB3D203F}.Release|Any CPU.ActiveCfg = Release|Any CPU
		{600C3332-E14E-4F0F-A6EB-BF89BB3D203F}.Release|Any CPU.Build.0 = Release|Any CPU
		{C2C149A8-8E87-42AD-AFE8-9737C8846B1D}.Debug|Any CPU.ActiveCfg = Debug|Any CPU
		{C2C149A8-8E87-42AD-AFE8-9737C8846B1D}.Debug|Any CPU.Build.0 = Debug|Any CPU
		{C2C149A8-8E87-42AD-AFE8-9737C8846B1D}.Release|Any CPU.ActiveCfg = Release|Any CPU
		{C2C149A8-8E87-42AD-AFE8-9737C8846B1D}.Release|Any CPU.Build.0 = Release|Any CPU
		{7FE160E8-B2E4-432B-B721-FAB17785C1BA}.Debug|Any CPU.ActiveCfg = Debug|Any CPU
		{7FE160E8-B2E4-432B-B721-FAB17785C1BA}.Debug|Any CPU.Build.0 = Debug|Any CPU
		{7FE160E8-B2E4-432B-B721-FAB17785C1BA}.Release|Any CPU.ActiveCfg = Release|Any CPU
		{7FE160E8-B2E4-432B-B721-FAB17785C1BA}.Release|Any CPU.Build.0 = Release|Any CPU
		{4F21FA87-8E6D-48FD-844C-CC93A6479C3B}.Debug|Any CPU.ActiveCfg = Debug|Any CPU
		{4F21FA87-8E6D-48FD-844C-CC93A6479C3B}.Debug|Any CPU.Build.0 = Debug|Any CPU
		{4F21FA87-8E6D-48FD-844C-CC93A6479C3B}.Release|Any CPU.ActiveCfg = Release|Any CPU
		{4F21FA87-8E6D-48FD-844C-CC93A6479C3B}.Release|Any CPU.Build.0 = Release|Any CPU
		{BD9D5AE1-E447-46D0-BA1C-6C0E136873D2}.Debug|Any CPU.ActiveCfg = Debug|Any CPU
		{BD9D5AE1-E447-46D0-BA1C-6C0E136873D2}.Debug|Any CPU.Build.0 = Debug|Any CPU
		{BD9D5AE1-E447-46D0-BA1C-6C0E136873D2}.Release|Any CPU.ActiveCfg = Release|Any CPU
		{BD9D5AE1-E447-46D0-BA1C-6C0E136873D2}.Release|Any CPU.Build.0 = Release|Any CPU
		{E468D149-F312-49CC-8B67-7E67C725BC3F}.Debug|Any CPU.ActiveCfg = Debug|Any CPU
		{E468D149-F312-49CC-8B67-7E67C725BC3F}.Debug|Any CPU.Build.0 = Debug|Any CPU
		{E468D149-F312-49CC-8B67-7E67C725BC3F}.Release|Any CPU.ActiveCfg = Release|Any CPU
		{E468D149-F312-49CC-8B67-7E67C725BC3F}.Release|Any CPU.Build.0 = Release|Any CPU
		{C3F2B26B-7F8B-4FEB-8D3E-ECA847C983F1}.Debug|Any CPU.ActiveCfg = Debug|Any CPU
		{C3F2B26B-7F8B-4FEB-8D3E-ECA847C983F1}.Debug|Any CPU.Build.0 = Debug|Any CPU
		{C3F2B26B-7F8B-4FEB-8D3E-ECA847C983F1}.Release|Any CPU.ActiveCfg = Release|Any CPU
		{C3F2B26B-7F8B-4FEB-8D3E-ECA847C983F1}.Release|Any CPU.Build.0 = Release|Any CPU
		{635F061B-3C1C-4816-A8A5-A8915403D145}.Debug|Any CPU.ActiveCfg = Debug|Any CPU
		{635F061B-3C1C-4816-A8A5-A8915403D145}.Debug|Any CPU.Build.0 = Debug|Any CPU
		{635F061B-3C1C-4816-A8A5-A8915403D145}.Release|Any CPU.ActiveCfg = Release|Any CPU
		{635F061B-3C1C-4816-A8A5-A8915403D145}.Release|Any CPU.Build.0 = Release|Any CPU
		{EB688FCF-A72D-4E72-BBA6-82826B2E6134}.Debug|Any CPU.ActiveCfg = Debug|Any CPU
		{EB688FCF-A72D-4E72-BBA6-82826B2E6134}.Debug|Any CPU.Build.0 = Debug|Any CPU
		{EB688FCF-A72D-4E72-BBA6-82826B2E6134}.Release|Any CPU.ActiveCfg = Release|Any CPU
		{EB688FCF-A72D-4E72-BBA6-82826B2E6134}.Release|Any CPU.Build.0 = Release|Any CPU
		{B95D55C3-7E5A-46E8-A07B-27559985D45B}.Debug|Any CPU.ActiveCfg = Debug|Any CPU
		{B95D55C3-7E5A-46E8-A07B-27559985D45B}.Debug|Any CPU.Build.0 = Debug|Any CPU
		{B95D55C3-7E5A-46E8-A07B-27559985D45B}.Release|Any CPU.ActiveCfg = Release|Any CPU
		{B95D55C3-7E5A-46E8-A07B-27559985D45B}.Release|Any CPU.Build.0 = Release|Any CPU
		{2574A8AE-644D-4094-8644-2F6384AC319B}.Debug|Any CPU.ActiveCfg = Debug|Any CPU
		{2574A8AE-644D-4094-8644-2F6384AC319B}.Debug|Any CPU.Build.0 = Debug|Any CPU
		{2574A8AE-644D-4094-8644-2F6384AC319B}.Release|Any CPU.ActiveCfg = Release|Any CPU
		{2574A8AE-644D-4094-8644-2F6384AC319B}.Release|Any CPU.Build.0 = Release|Any CPU
		{1410EDA8-BBFA-4FB5-92CC-57BAA27005BF}.Debug|Any CPU.ActiveCfg = Debug|Any CPU
		{1410EDA8-BBFA-4FB5-92CC-57BAA27005BF}.Debug|Any CPU.Build.0 = Debug|Any CPU
		{1410EDA8-BBFA-4FB5-92CC-57BAA27005BF}.Release|Any CPU.ActiveCfg = Release|Any CPU
		{1410EDA8-BBFA-4FB5-92CC-57BAA27005BF}.Release|Any CPU.Build.0 = Release|Any CPU
		{F927A992-B70D-4D46-A4D6-3E613E606708}.Debug|Any CPU.ActiveCfg = Debug|Any CPU
		{F927A992-B70D-4D46-A4D6-3E613E606708}.Debug|Any CPU.Build.0 = Debug|Any CPU
		{F927A992-B70D-4D46-A4D6-3E613E606708}.Release|Any CPU.ActiveCfg = Release|Any CPU
		{F927A992-B70D-4D46-A4D6-3E613E606708}.Release|Any CPU.Build.0 = Release|Any CPU
		{81B3CB67-F9F6-4006-89C7-731DA76312AA}.Debug|Any CPU.ActiveCfg = Debug|Any CPU
		{81B3CB67-F9F6-4006-89C7-731DA76312AA}.Debug|Any CPU.Build.0 = Debug|Any CPU
		{81B3CB67-F9F6-4006-89C7-731DA76312AA}.Release|Any CPU.ActiveCfg = Release|Any CPU
		{81B3CB67-F9F6-4006-89C7-731DA76312AA}.Release|Any CPU.Build.0 = Release|Any CPU
		{795E041C-96F4-4AB2-BAB2-FEE029DC1DF1}.Debug|Any CPU.ActiveCfg = Debug|Any CPU
		{795E041C-96F4-4AB2-BAB2-FEE029DC1DF1}.Debug|Any CPU.Build.0 = Debug|Any CPU
		{795E041C-96F4-4AB2-BAB2-FEE029DC1DF1}.Release|Any CPU.ActiveCfg = Release|Any CPU
		{795E041C-96F4-4AB2-BAB2-FEE029DC1DF1}.Release|Any CPU.Build.0 = Release|Any CPU
		{B766EEA0-7159-4F85-9C04-59CA20D5AC93}.Debug|Any CPU.ActiveCfg = Debug|Any CPU
		{B766EEA0-7159-4F85-9C04-59CA20D5AC93}.Debug|Any CPU.Build.0 = Debug|Any CPU
		{B766EEA0-7159-4F85-9C04-59CA20D5AC93}.Release|Any CPU.ActiveCfg = Release|Any CPU
		{B766EEA0-7159-4F85-9C04-59CA20D5AC93}.Release|Any CPU.Build.0 = Release|Any CPU
		{34C42C02-B1FC-425F-81B3-C6592DE60765}.Debug|Any CPU.ActiveCfg = Debug|Any CPU
		{34C42C02-B1FC-425F-81B3-C6592DE60765}.Debug|Any CPU.Build.0 = Debug|Any CPU
		{34C42C02-B1FC-425F-81B3-C6592DE60765}.Release|Any CPU.ActiveCfg = Release|Any CPU
		{34C42C02-B1FC-425F-81B3-C6592DE60765}.Release|Any CPU.Build.0 = Release|Any CPU
		{4C03DC41-D0DD-4042-B941-C7D66D71C8FE}.Debug|Any CPU.ActiveCfg = Debug|Any CPU
		{4C03DC41-D0DD-4042-B941-C7D66D71C8FE}.Debug|Any CPU.Build.0 = Debug|Any CPU
		{4C03DC41-D0DD-4042-B941-C7D66D71C8FE}.Release|Any CPU.ActiveCfg = Release|Any CPU
		{4C03DC41-D0DD-4042-B941-C7D66D71C8FE}.Release|Any CPU.Build.0 = Release|Any CPU
		{1D431489-7D2F-4B81-883B-656628A57C50}.Debug|Any CPU.ActiveCfg = Debug|Any CPU
		{1D431489-7D2F-4B81-883B-656628A57C50}.Debug|Any CPU.Build.0 = Debug|Any CPU
		{1D431489-7D2F-4B81-883B-656628A57C50}.Release|Any CPU.ActiveCfg = Release|Any CPU
		{1D431489-7D2F-4B81-883B-656628A57C50}.Release|Any CPU.Build.0 = Release|Any CPU
		{077734C3-6C9C-4DFD-80AC-79BCD576A097}.Debug|Any CPU.ActiveCfg = Debug|Any CPU
		{077734C3-6C9C-4DFD-80AC-79BCD576A097}.Debug|Any CPU.Build.0 = Debug|Any CPU
		{077734C3-6C9C-4DFD-80AC-79BCD576A097}.Release|Any CPU.ActiveCfg = Release|Any CPU
		{077734C3-6C9C-4DFD-80AC-79BCD576A097}.Release|Any CPU.Build.0 = Release|Any CPU
		{3CAF5DFE-A9AD-4325-BD2C-29A59835DEB2}.Debug|Any CPU.ActiveCfg = Debug|Any CPU
		{3CAF5DFE-A9AD-4325-BD2C-29A59835DEB2}.Debug|Any CPU.Build.0 = Debug|Any CPU
		{3CAF5DFE-A9AD-4325-BD2C-29A59835DEB2}.Release|Any CPU.ActiveCfg = Release|Any CPU
		{3CAF5DFE-A9AD-4325-BD2C-29A59835DEB2}.Release|Any CPU.Build.0 = Release|Any CPU
		{05D3560B-76A8-482F-A01F-7E634D886DBD}.Debug|Any CPU.ActiveCfg = Debug|Any CPU
		{05D3560B-76A8-482F-A01F-7E634D886DBD}.Debug|Any CPU.Build.0 = Debug|Any CPU
		{05D3560B-76A8-482F-A01F-7E634D886DBD}.Release|Any CPU.ActiveCfg = Release|Any CPU
		{05D3560B-76A8-482F-A01F-7E634D886DBD}.Release|Any CPU.Build.0 = Release|Any CPU
		{15DC13A0-1024-4605-8B87-8D7EDF2B7ED3}.Debug|Any CPU.ActiveCfg = Debug|Any CPU
		{15DC13A0-1024-4605-8B87-8D7EDF2B7ED3}.Debug|Any CPU.Build.0 = Debug|Any CPU
		{15DC13A0-1024-4605-8B87-8D7EDF2B7ED3}.Release|Any CPU.ActiveCfg = Release|Any CPU
		{15DC13A0-1024-4605-8B87-8D7EDF2B7ED3}.Release|Any CPU.Build.0 = Release|Any CPU
		{C181A601-E35A-4315-8CD6-3205A5B19ACE}.Debug|Any CPU.ActiveCfg = Debug|Any CPU
		{C181A601-E35A-4315-8CD6-3205A5B19ACE}.Debug|Any CPU.Build.0 = Debug|Any CPU
		{C181A601-E35A-4315-8CD6-3205A5B19ACE}.Release|Any CPU.ActiveCfg = Release|Any CPU
		{C181A601-E35A-4315-8CD6-3205A5B19ACE}.Release|Any CPU.Build.0 = Release|Any CPU
		{2F469767-B4B7-4F9D-8242-89E54B288466}.Debug|Any CPU.ActiveCfg = Debug|Any CPU
		{2F469767-B4B7-4F9D-8242-89E54B288466}.Debug|Any CPU.Build.0 = Debug|Any CPU
		{2F469767-B4B7-4F9D-8242-89E54B288466}.Release|Any CPU.ActiveCfg = Release|Any CPU
		{2F469767-B4B7-4F9D-8242-89E54B288466}.Release|Any CPU.Build.0 = Release|Any CPU
		{8CD8C092-B65E-4224-964F-FB8F0763FA0B}.Debug|Any CPU.ActiveCfg = Debug|Any CPU
		{8CD8C092-B65E-4224-964F-FB8F0763FA0B}.Debug|Any CPU.Build.0 = Debug|Any CPU
		{8CD8C092-B65E-4224-964F-FB8F0763FA0B}.Release|Any CPU.ActiveCfg = Release|Any CPU
		{8CD8C092-B65E-4224-964F-FB8F0763FA0B}.Release|Any CPU.Build.0 = Release|Any CPU
		{18F59D6A-A649-440F-B70F-ED9A2460F0F4}.Debug|Any CPU.ActiveCfg = Debug|Any CPU
		{18F59D6A-A649-440F-B70F-ED9A2460F0F4}.Debug|Any CPU.Build.0 = Debug|Any CPU
		{18F59D6A-A649-440F-B70F-ED9A2460F0F4}.Release|Any CPU.ActiveCfg = Release|Any CPU
		{18F59D6A-A649-440F-B70F-ED9A2460F0F4}.Release|Any CPU.Build.0 = Release|Any CPU
		{C29E7667-5780-4294-B565-0CC11A1D9243}.Debug|Any CPU.ActiveCfg = Debug|Any CPU
		{C29E7667-5780-4294-B565-0CC11A1D9243}.Debug|Any CPU.Build.0 = Debug|Any CPU
		{C29E7667-5780-4294-B565-0CC11A1D9243}.Release|Any CPU.ActiveCfg = Release|Any CPU
		{C29E7667-5780-4294-B565-0CC11A1D9243}.Release|Any CPU.Build.0 = Release|Any CPU
		{84851441-1BEB-47D2-851A-EDA2E2917AE5}.Debug|Any CPU.ActiveCfg = Debug|Any CPU
		{84851441-1BEB-47D2-851A-EDA2E2917AE5}.Debug|Any CPU.Build.0 = Debug|Any CPU
		{84851441-1BEB-47D2-851A-EDA2E2917AE5}.Release|Any CPU.ActiveCfg = Release|Any CPU
		{84851441-1BEB-47D2-851A-EDA2E2917AE5}.Release|Any CPU.Build.0 = Release|Any CPU
		{122D79B4-6049-4040-B814-2CDD95F55EA2}.Debug|Any CPU.ActiveCfg = Debug|Any CPU
		{122D79B4-6049-4040-B814-2CDD95F55EA2}.Debug|Any CPU.Build.0 = Debug|Any CPU
		{122D79B4-6049-4040-B814-2CDD95F55EA2}.Release|Any CPU.ActiveCfg = Release|Any CPU
		{122D79B4-6049-4040-B814-2CDD95F55EA2}.Release|Any CPU.Build.0 = Release|Any CPU
		{53BAFC67-AF98-4FC7-8A65-DB64C37E4CF9}.Debug|Any CPU.ActiveCfg = Debug|Any CPU
		{53BAFC67-AF98-4FC7-8A65-DB64C37E4CF9}.Debug|Any CPU.Build.0 = Debug|Any CPU
		{53BAFC67-AF98-4FC7-8A65-DB64C37E4CF9}.Release|Any CPU.ActiveCfg = Release|Any CPU
		{53BAFC67-AF98-4FC7-8A65-DB64C37E4CF9}.Release|Any CPU.Build.0 = Release|Any CPU
		{88759CA4-6A63-4E15-94BC-85411EDD3512}.Debug|Any CPU.ActiveCfg = Debug|Any CPU
		{88759CA4-6A63-4E15-94BC-85411EDD3512}.Debug|Any CPU.Build.0 = Debug|Any CPU
		{88759CA4-6A63-4E15-94BC-85411EDD3512}.Release|Any CPU.ActiveCfg = Release|Any CPU
		{88759CA4-6A63-4E15-94BC-85411EDD3512}.Release|Any CPU.Build.0 = Release|Any CPU
		{C018B6E4-CEE5-48D9-8A3D-C6565BC07A93}.Debug|Any CPU.ActiveCfg = Debug|Any CPU
		{C018B6E4-CEE5-48D9-8A3D-C6565BC07A93}.Debug|Any CPU.Build.0 = Debug|Any CPU
		{C018B6E4-CEE5-48D9-8A3D-C6565BC07A93}.Release|Any CPU.ActiveCfg = Release|Any CPU
		{C018B6E4-CEE5-48D9-8A3D-C6565BC07A93}.Release|Any CPU.Build.0 = Release|Any CPU
		{D37290DE-E807-49EE-B6DD-B0908D1310CA}.Debug|Any CPU.ActiveCfg = Debug|Any CPU
		{D37290DE-E807-49EE-B6DD-B0908D1310CA}.Debug|Any CPU.Build.0 = Debug|Any CPU
		{D37290DE-E807-49EE-B6DD-B0908D1310CA}.Release|Any CPU.ActiveCfg = Release|Any CPU
		{D37290DE-E807-49EE-B6DD-B0908D1310CA}.Release|Any CPU.Build.0 = Release|Any CPU
		{0A486143-D5D1-40A9-904D-6D44B873BBF2}.Debug|Any CPU.ActiveCfg = Debug|Any CPU
		{0A486143-D5D1-40A9-904D-6D44B873BBF2}.Debug|Any CPU.Build.0 = Debug|Any CPU
		{0A486143-D5D1-40A9-904D-6D44B873BBF2}.Release|Any CPU.ActiveCfg = Release|Any CPU
		{0A486143-D5D1-40A9-904D-6D44B873BBF2}.Release|Any CPU.Build.0 = Release|Any CPU
		{78A532D6-B624-4400-A72A-F7DC7101934D}.Debug|Any CPU.ActiveCfg = Debug|Any CPU
		{78A532D6-B624-4400-A72A-F7DC7101934D}.Debug|Any CPU.Build.0 = Debug|Any CPU
		{78A532D6-B624-4400-A72A-F7DC7101934D}.Release|Any CPU.ActiveCfg = Release|Any CPU
		{78A532D6-B624-4400-A72A-F7DC7101934D}.Release|Any CPU.Build.0 = Release|Any CPU
		{30BF383F-3DC3-457F-BE37-9F1EB72E0DEA}.Debug|Any CPU.ActiveCfg = Debug|Any CPU
		{30BF383F-3DC3-457F-BE37-9F1EB72E0DEA}.Debug|Any CPU.Build.0 = Debug|Any CPU
		{30BF383F-3DC3-457F-BE37-9F1EB72E0DEA}.Release|Any CPU.ActiveCfg = Release|Any CPU
		{30BF383F-3DC3-457F-BE37-9F1EB72E0DEA}.Release|Any CPU.Build.0 = Release|Any CPU
		{090E32C4-6234-46B6-9C1C-6E2B967958BA}.Debug|Any CPU.ActiveCfg = Debug|Any CPU
		{090E32C4-6234-46B6-9C1C-6E2B967958BA}.Debug|Any CPU.Build.0 = Debug|Any CPU
		{090E32C4-6234-46B6-9C1C-6E2B967958BA}.Release|Any CPU.ActiveCfg = Release|Any CPU
		{090E32C4-6234-46B6-9C1C-6E2B967958BA}.Release|Any CPU.Build.0 = Release|Any CPU
		{41DD219A-5DF3-434F-8149-A9017CC2B5A8}.Debug|Any CPU.ActiveCfg = Debug|Any CPU
		{41DD219A-5DF3-434F-8149-A9017CC2B5A8}.Debug|Any CPU.Build.0 = Debug|Any CPU
		{41DD219A-5DF3-434F-8149-A9017CC2B5A8}.Release|Any CPU.ActiveCfg = Release|Any CPU
		{41DD219A-5DF3-434F-8149-A9017CC2B5A8}.Release|Any CPU.Build.0 = Release|Any CPU
		{A26597E0-DD00-4BDB-B15A-F95045B0854A}.Debug|Any CPU.ActiveCfg = Debug|Any CPU
		{A26597E0-DD00-4BDB-B15A-F95045B0854A}.Debug|Any CPU.Build.0 = Debug|Any CPU
		{A26597E0-DD00-4BDB-B15A-F95045B0854A}.Release|Any CPU.ActiveCfg = Release|Any CPU
		{A26597E0-DD00-4BDB-B15A-F95045B0854A}.Release|Any CPU.Build.0 = Release|Any CPU
		{64E2DE84-EFF4-4D09-8D88-47E365976623}.Debug|Any CPU.ActiveCfg = Debug|Any CPU
		{64E2DE84-EFF4-4D09-8D88-47E365976623}.Debug|Any CPU.Build.0 = Debug|Any CPU
		{64E2DE84-EFF4-4D09-8D88-47E365976623}.Release|Any CPU.ActiveCfg = Release|Any CPU
		{64E2DE84-EFF4-4D09-8D88-47E365976623}.Release|Any CPU.Build.0 = Release|Any CPU
		{0590E582-34B9-4B45-88B2-F43FD5EFEA03}.Debug|Any CPU.ActiveCfg = Debug|Any CPU
		{0590E582-34B9-4B45-88B2-F43FD5EFEA03}.Debug|Any CPU.Build.0 = Debug|Any CPU
		{0590E582-34B9-4B45-88B2-F43FD5EFEA03}.Release|Any CPU.ActiveCfg = Release|Any CPU
		{0590E582-34B9-4B45-88B2-F43FD5EFEA03}.Release|Any CPU.Build.0 = Release|Any CPU
		{454F7EED-B1D5-4B68-B601-7AC318E27A03}.Debug|Any CPU.ActiveCfg = Debug|Any CPU
		{454F7EED-B1D5-4B68-B601-7AC318E27A03}.Debug|Any CPU.Build.0 = Debug|Any CPU
		{454F7EED-B1D5-4B68-B601-7AC318E27A03}.Release|Any CPU.ActiveCfg = Release|Any CPU
		{454F7EED-B1D5-4B68-B601-7AC318E27A03}.Release|Any CPU.Build.0 = Release|Any CPU
		{89CDA320-B096-470E-89FC-821986C17734}.Debug|Any CPU.ActiveCfg = Debug|Any CPU
		{89CDA320-B096-470E-89FC-821986C17734}.Debug|Any CPU.Build.0 = Debug|Any CPU
		{89CDA320-B096-470E-89FC-821986C17734}.Release|Any CPU.ActiveCfg = Release|Any CPU
		{89CDA320-B096-470E-89FC-821986C17734}.Release|Any CPU.Build.0 = Release|Any CPU
		{ED826F35-C4F8-4BD8-9B87-A23A239B46A9}.Debug|Any CPU.ActiveCfg = Debug|Any CPU
		{ED826F35-C4F8-4BD8-9B87-A23A239B46A9}.Debug|Any CPU.Build.0 = Debug|Any CPU
		{ED826F35-C4F8-4BD8-9B87-A23A239B46A9}.Release|Any CPU.ActiveCfg = Release|Any CPU
		{ED826F35-C4F8-4BD8-9B87-A23A239B46A9}.Release|Any CPU.Build.0 = Release|Any CPU
		{60CA0D06-962D-43F8-9F9D-A06E182F24FF}.Debug|Any CPU.ActiveCfg = Debug|Any CPU
		{60CA0D06-962D-43F8-9F9D-A06E182F24FF}.Debug|Any CPU.Build.0 = Debug|Any CPU
		{60CA0D06-962D-43F8-9F9D-A06E182F24FF}.Release|Any CPU.ActiveCfg = Release|Any CPU
		{60CA0D06-962D-43F8-9F9D-A06E182F24FF}.Release|Any CPU.Build.0 = Release|Any CPU
		{45625BAB-1A87-484A-93A1-5B1D67517961}.Debug|Any CPU.ActiveCfg = Debug|Any CPU
		{45625BAB-1A87-484A-93A1-5B1D67517961}.Debug|Any CPU.Build.0 = Debug|Any CPU
		{45625BAB-1A87-484A-93A1-5B1D67517961}.Release|Any CPU.ActiveCfg = Release|Any CPU
		{45625BAB-1A87-484A-93A1-5B1D67517961}.Release|Any CPU.Build.0 = Release|Any CPU
	EndGlobalSection
EndGlobal
